
Microsoft Visual Studio Solution File, Format Version 12.00
# Visual Studio Version 17
VisualStudioVersion = 17.7.34031.279
MinimumVisualStudioVersion = 10.0.40219.1
Project("{FAE04EC0-301F-11D3-BF4B-00C04F79EFBC}") = "Task20", "Task20.csproj", "{1F62DF49-0D88-4C4E-BC4E-30798563B493}"
EndProject
Global
	GlobalSection(SolutionConfigurationPlatforms) = preSolution
		Debug|Any CPU = Debug|Any CPU
		Release|Any CPU = Release|Any CPU
	EndGlobalSection
	GlobalSection(ProjectConfigurationPlatforms) = postSolution
		{1F62DF49-0D88-4C4E-BC4E-30798563B493}.Debug|Any CPU.ActiveCfg = Debug|Any CPU
		{1F62DF49-0D88-4C4E-BC4E-30798563B493}.Debug|Any CPU.Build.0 = Debug|Any CPU
		{1F62DF49-0D88-4C4E-BC4E-30798563B493}.Release|Any CPU.ActiveCfg = Release|Any CPU
		{1F62DF49-0D88-4C4E-BC4E-30798563B493}.Release|Any CPU.Build.0 = Release|Any CPU
	EndGlobalSection
	GlobalSection(SolutionProperties) = preSolution
		HideSolutionNode = FALSE
	EndGlobalSection
	GlobalSection(ExtensibilityGlobals) = postSolution
		SolutionGuid = {AC968A07-0DFB-47CA-AF58-1894EEA389AA}
	EndGlobalSection
EndGlobal
